
Microsoft Visual Studio Solution File, Format Version 12.00
# Visual Studio Version 16
VisualStudioVersion = 16.0.31613.86
MinimumVisualStudioVersion = 10.0.40219.1
Project("{9A19103F-16F7-4668-BE54-9A1E7A4F7556}") = "Infrastructure", "Infrastructure\Infrastructure.csproj", "{3FB77D31-D364-40F1-8427-532DE9689930}"
EndProject
Project("{9A19103F-16F7-4668-BE54-9A1E7A4F7556}") = "Domain", "Domain\Domain.csproj", "{9C92C773-F7C3-45CB-8FF5-CDB629285813}"
EndProject
Project("{9A19103F-16F7-4668-BE54-9A1E7A4F7556}") = "WebUI", "WebUI\WebUI.csproj", "{7C559D1D-58C9-43C5-9DA8-5001A56DB962}"
EndProject
Global
	GlobalSection(SolutionConfigurationPlatforms) = preSolution
		Debug|Any CPU = Debug|Any CPU
		Release|Any CPU = Release|Any CPU
	EndGlobalSection
	GlobalSection(ProjectConfigurationPlatforms) = postSolution
		{3FB77D31-D364-40F1-8427-532DE9689930}.Debug|Any CPU.ActiveCfg = Debug|Any CPU
		{3FB77D31-D364-40F1-8427-532DE9689930}.Debug|Any CPU.Build.0 = Debug|Any CPU
		{3FB77D31-D364-40F1-8427-532DE9689930}.Release|Any CPU.ActiveCfg = Release|Any CPU
		{3FB77D31-D364-40F1-8427-532DE9689930}.Release|Any CPU.Build.0 = Release|Any CPU
		{9C92C773-F7C3-45CB-8FF5-CDB629285813}.Debug|Any CPU.ActiveCfg = Debug|Any CPU
		{9C92C773-F7C3-45CB-8FF5-CDB629285813}.Debug|Any CPU.Build.0 = Debug|Any CPU
		{9C92C773-F7C3-45CB-8FF5-CDB629285813}.Release|Any CPU.ActiveCfg = Release|Any CPU
		{9C92C773-F7C3-45CB-8FF5-CDB629285813}.Release|Any CPU.Build.0 = Release|Any CPU
		{7C559D1D-58C9-43C5-9DA8-5001A56DB962}.Debug|Any CPU.ActiveCfg = Debug|Any CPU
		{7C559D1D-58C9-43C5-9DA8-5001A56DB962}.Debug|Any CPU.Build.0 = Debug|Any CPU
		{7C559D1D-58C9-43C5-9DA8-5001A56DB962}.Release|Any CPU.ActiveCfg = Release|Any CPU
		{7C559D1D-58C9-43C5-9DA8-5001A56DB962}.Release|Any CPU.Build.0 = Release|Any CPU
	EndGlobalSection
	GlobalSection(SolutionProperties) = preSolution
		HideSolutionNode = FALSE
	EndGlobalSection
	GlobalSection(ExtensibilityGlobals) = postSolution
		SolutionGuid = {7762DD7F-3D09-4AD9-B987-7E016B666378}
	EndGlobalSection
EndGlobal
