
Microsoft Visual Studio Solution File, Format Version 12.00
# Visual Studio Version 16
VisualStudioVersion = 16.0.31613.86
MinimumVisualStudioVersion = 10.0.40219.1
Project("{FAE04EC0-301F-11D3-BF4B-00C04F79EFBC}") = "RallyRaidWebApi", "RallyRaidWebApi\RallyRaidWebApi.csproj", "{615EC9E1-8847-4CD5-B1F7-92B1244FB5A3}"
EndProject
Global
	GlobalSection(SolutionConfigurationPlatforms) = preSolution
		Debug|Any CPU = Debug|Any CPU
		Release|Any CPU = Release|Any CPU
	EndGlobalSection
	GlobalSection(ProjectConfigurationPlatforms) = postSolution
		{615EC9E1-8847-4CD5-B1F7-92B1244FB5A3}.Debug|Any CPU.ActiveCfg = Debug|Any CPU
		{615EC9E1-8847-4CD5-B1F7-92B1244FB5A3}.Debug|Any CPU.Build.0 = Debug|Any CPU
		{615EC9E1-8847-4CD5-B1F7-92B1244FB5A3}.Release|Any CPU.ActiveCfg = Release|Any CPU
		{615EC9E1-8847-4CD5-B1F7-92B1244FB5A3}.Release|Any CPU.Build.0 = Release|Any CPU
	EndGlobalSection
	GlobalSection(SolutionProperties) = preSolution
		HideSolutionNode = FALSE
	EndGlobalSection
	GlobalSection(ExtensibilityGlobals) = postSolution
		SolutionGuid = {7762DD7F-3D09-4AD9-B987-7E016B666378}
	EndGlobalSection
EndGlobal
