
Microsoft Visual Studio Solution File, Format Version 12.00
# Visual Studio Version 16
VisualStudioVersion = 16.0.31613.86
MinimumVisualStudioVersion = 10.0.40219.1
Project("{9A19103F-16F7-4668-BE54-9A1E7A4F7556}") = "RallyRaidWebApi", "RallyRaidWebApi.csproj", "{5D9FB82B-E066-4930-BBB8-FF7793EBB266}"
EndProject
Project("{FAE04EC0-301F-11D3-BF4B-00C04F79EFBC}") = "Domain", "..\Domain\Domain.csproj", "{6247CDDD-E8AC-482C-8289-0F3C535B59BF}"
EndProject
Project("{FAE04EC0-301F-11D3-BF4B-00C04F79EFBC}") = "Infrastructure", "..\Infrastructure\Infrastructure\Infrastructure.csproj", "{6D318F55-6B2A-4B84-AB2D-7E860D7698A3}"
EndProject
Project("{FAE04EC0-301F-11D3-BF4B-00C04F79EFBC}") = "WebUI", "..\WebUI\WebUI\WebUI.csproj", "{CF295A35-CE85-4663-99D2-75728B451FC8}"
EndProject
Global
	GlobalSection(SolutionConfigurationPlatforms) = preSolution
		Debug|Any CPU = Debug|Any CPU
		Release|Any CPU = Release|Any CPU
	EndGlobalSection
	GlobalSection(ProjectConfigurationPlatforms) = postSolution
		{5D9FB82B-E066-4930-BBB8-FF7793EBB266}.Debug|Any CPU.ActiveCfg = Debug|Any CPU
		{5D9FB82B-E066-4930-BBB8-FF7793EBB266}.Debug|Any CPU.Build.0 = Debug|Any CPU
		{5D9FB82B-E066-4930-BBB8-FF7793EBB266}.Release|Any CPU.ActiveCfg = Release|Any CPU
		{5D9FB82B-E066-4930-BBB8-FF7793EBB266}.Release|Any CPU.Build.0 = Release|Any CPU
		{6247CDDD-E8AC-482C-8289-0F3C535B59BF}.Debug|Any CPU.ActiveCfg = Debug|Any CPU
		{6247CDDD-E8AC-482C-8289-0F3C535B59BF}.Debug|Any CPU.Build.0 = Debug|Any CPU
		{6247CDDD-E8AC-482C-8289-0F3C535B59BF}.Release|Any CPU.ActiveCfg = Release|Any CPU
		{6247CDDD-E8AC-482C-8289-0F3C535B59BF}.Release|Any CPU.Build.0 = Release|Any CPU
		{6D318F55-6B2A-4B84-AB2D-7E860D7698A3}.Debug|Any CPU.ActiveCfg = Debug|Any CPU
		{6D318F55-6B2A-4B84-AB2D-7E860D7698A3}.Debug|Any CPU.Build.0 = Debug|Any CPU
		{6D318F55-6B2A-4B84-AB2D-7E860D7698A3}.Release|Any CPU.ActiveCfg = Release|Any CPU
		{6D318F55-6B2A-4B84-AB2D-7E860D7698A3}.Release|Any CPU.Build.0 = Release|Any CPU
		{CF295A35-CE85-4663-99D2-75728B451FC8}.Debug|Any CPU.ActiveCfg = Debug|Any CPU
		{CF295A35-CE85-4663-99D2-75728B451FC8}.Debug|Any CPU.Build.0 = Debug|Any CPU
		{CF295A35-CE85-4663-99D2-75728B451FC8}.Release|Any CPU.ActiveCfg = Release|Any CPU
		{CF295A35-CE85-4663-99D2-75728B451FC8}.Release|Any CPU.Build.0 = Release|Any CPU
	EndGlobalSection
	GlobalSection(SolutionProperties) = preSolution
		HideSolutionNode = FALSE
	EndGlobalSection
	GlobalSection(ExtensibilityGlobals) = postSolution
		SolutionGuid = {7762DD7F-3D09-4AD9-B987-7E016B666378}
	EndGlobalSection
EndGlobal
