
Microsoft Visual Studio Solution File, Format Version 12.00
# Visual Studio Version 16
VisualStudioVersion = 16.0.31613.86
MinimumVisualStudioVersion = 10.0.40219.1
Project("{FAE04EC0-301F-11D3-BF4B-00C04F79EFBC}") = "Domain", "..\Domain\Domain.csproj", "{6247CDDD-E8AC-482C-8289-0F3C535B59BF}"
EndProject
Project("{9A19103F-16F7-4668-BE54-9A1E7A4F7556}") = "Infrastructure", "..\Infrastructure\Infrastructure.csproj", "{E568963A-BDE6-4832-A990-492727AC5E47}"
EndProject
Project("{9A19103F-16F7-4668-BE54-9A1E7A4F7556}") = "WebUI", "WebUI.csproj", "{2D0464AE-5E36-44DB-961E-FEAAA3F5F543}"
EndProject
Global
	GlobalSection(SolutionConfigurationPlatforms) = preSolution
		Debug|Any CPU = Debug|Any CPU
		Release|Any CPU = Release|Any CPU
	EndGlobalSection
	GlobalSection(ProjectConfigurationPlatforms) = postSolution
		{6247CDDD-E8AC-482C-8289-0F3C535B59BF}.Debug|Any CPU.ActiveCfg = Debug|Any CPU
		{6247CDDD-E8AC-482C-8289-0F3C535B59BF}.Debug|Any CPU.Build.0 = Debug|Any CPU
		{6247CDDD-E8AC-482C-8289-0F3C535B59BF}.Release|Any CPU.ActiveCfg = Release|Any CPU
		{6247CDDD-E8AC-482C-8289-0F3C535B59BF}.Release|Any CPU.Build.0 = Release|Any CPU
		{E568963A-BDE6-4832-A990-492727AC5E47}.Debug|Any CPU.ActiveCfg = Debug|Any CPU
		{E568963A-BDE6-4832-A990-492727AC5E47}.Debug|Any CPU.Build.0 = Debug|Any CPU
		{E568963A-BDE6-4832-A990-492727AC5E47}.Release|Any CPU.ActiveCfg = Release|Any CPU
		{E568963A-BDE6-4832-A990-492727AC5E47}.Release|Any CPU.Build.0 = Release|Any CPU
		{2D0464AE-5E36-44DB-961E-FEAAA3F5F543}.Debug|Any CPU.ActiveCfg = Debug|Any CPU
		{2D0464AE-5E36-44DB-961E-FEAAA3F5F543}.Debug|Any CPU.Build.0 = Debug|Any CPU
		{2D0464AE-5E36-44DB-961E-FEAAA3F5F543}.Release|Any CPU.ActiveCfg = Release|Any CPU
		{2D0464AE-5E36-44DB-961E-FEAAA3F5F543}.Release|Any CPU.Build.0 = Release|Any CPU
	EndGlobalSection
	GlobalSection(SolutionProperties) = preSolution
		HideSolutionNode = FALSE
	EndGlobalSection
	GlobalSection(ExtensibilityGlobals) = postSolution
		SolutionGuid = {7762DD7F-3D09-4AD9-B987-7E016B666378}
	EndGlobalSection
EndGlobal
